
Microsoft Visual Studio Solution File, Format Version 12.00
# Visual Studio Version 16
VisualStudioVersion = 16.0.31729.503
MinimumVisualStudioVersion = 10.0.40219.1
Project("{FAE04EC0-301F-11D3-BF4B-00C04F79EFBC}") = "ConsoleApp1", "ConsoleApp1\ConsoleApp1.csproj", "{AF7D5D0D-E1C2-430B-8902-1819B88ACEEE}"
EndProject
Global
	GlobalSection(SolutionConfigurationPlatforms) = preSolution
		Debug|Any CPU = Debug|Any CPU
		Release|Any CPU = Release|Any CPU
	EndGlobalSection
	GlobalSection(ProjectConfigurationPlatforms) = postSolution
		{AF7D5D0D-E1C2-430B-8902-1819B88ACEEE}.Debug|Any CPU.ActiveCfg = Debug|Any CPU
		{AF7D5D0D-E1C2-430B-8902-1819B88ACEEE}.Debug|Any CPU.Build.0 = Debug|Any CPU
		{AF7D5D0D-E1C2-430B-8902-1819B88ACEEE}.Release|Any CPU.ActiveCfg = Release|Any CPU
		{AF7D5D0D-E1C2-430B-8902-1819B88ACEEE}.Release|Any CPU.Build.0 = Release|Any CPU
	EndGlobalSection
	GlobalSection(SolutionProperties) = preSolution
		HideSolutionNode = FALSE
	EndGlobalSection
	GlobalSection(ExtensibilityGlobals) = postSolution
		SolutionGuid = {C9F69A0B-0CF8-41D8-9823-01901105A13A}
	EndGlobalSection
EndGlobal
